
Microsoft Visual Studio Solution File, Format Version 11.00
# Visual Studio 2010
Project("{FAE04EC0-301F-11D3-BF4B-00C04F79EFBC}") = "YcHighChartsMvc", "YcHighChartsMvc\YcHighChartsMvc.csproj", "{BCFF7962-F3C0-4171-8DEC-D94C72EC2D7B}"
EndProject
Project("{FAE04EC0-301F-11D3-BF4B-00C04F79EFBC}") = "YcHighChartsMvc.Model", "YcHighChartsMvc.Model\YcHighChartsMvc.Model.csproj", "{FCA25433-44B3-4D0A-8466-7F64509E7E6B}"
EndProject
Project("{FAE04EC0-301F-11D3-BF4B-00C04F79EFBC}") = "YcHighCharts", "YcHighCharts\YcHighCharts.csproj", "{7D0ACF67-7D41-4C15-8C08-524895AF53EA}"
EndProject
Global
	GlobalSection(SolutionConfigurationPlatforms) = preSolution
		Debug|Any CPU = Debug|Any CPU
		Release|Any CPU = Release|Any CPU
	EndGlobalSection
	GlobalSection(ProjectConfigurationPlatforms) = postSolution
		{BCFF7962-F3C0-4171-8DEC-D94C72EC2D7B}.Debug|Any CPU.ActiveCfg = Debug|Any CPU
		{BCFF7962-F3C0-4171-8DEC-D94C72EC2D7B}.Debug|Any CPU.Build.0 = Debug|Any CPU
		{BCFF7962-F3C0-4171-8DEC-D94C72EC2D7B}.Release|Any CPU.ActiveCfg = Release|Any CPU
		{BCFF7962-F3C0-4171-8DEC-D94C72EC2D7B}.Release|Any CPU.Build.0 = Release|Any CPU
		{FCA25433-44B3-4D0A-8466-7F64509E7E6B}.Debug|Any CPU.ActiveCfg = Debug|Any CPU
		{FCA25433-44B3-4D0A-8466-7F64509E7E6B}.Debug|Any CPU.Build.0 = Debug|Any CPU
		{FCA25433-44B3-4D0A-8466-7F64509E7E6B}.Release|Any CPU.ActiveCfg = Release|Any CPU
		{FCA25433-44B3-4D0A-8466-7F64509E7E6B}.Release|Any CPU.Build.0 = Release|Any CPU
		{7D0ACF67-7D41-4C15-8C08-524895AF53EA}.Debug|Any CPU.ActiveCfg = Debug|Any CPU
		{7D0ACF67-7D41-4C15-8C08-524895AF53EA}.Debug|Any CPU.Build.0 = Debug|Any CPU
		{7D0ACF67-7D41-4C15-8C08-524895AF53EA}.Release|Any CPU.ActiveCfg = Release|Any CPU
		{7D0ACF67-7D41-4C15-8C08-524895AF53EA}.Release|Any CPU.Build.0 = Release|Any CPU
	EndGlobalSection
	GlobalSection(SolutionProperties) = preSolution
		HideSolutionNode = FALSE
	EndGlobalSection
EndGlobal
